// !$*UTF8*$!
{
	archiveVersion = 1;
	classes = {
	};
	objectVersion = 48;
	objects = {

/* Begin PBXBuildFile section */
		2506F6C523E31C4200F639D3 /* item_temp.png in Resources */ = {isa = PBXBuildFile; fileRef = 2506F6C423E31C4200F639D3 /* item_temp.png */; };
		25105E3E23521E2900CAC3AE /* AppDelegate.swift in Sources */ = {isa = PBXBuildFile; fileRef = 25105E3D23521E2900CAC3AE /* AppDelegate.swift */; };
		25105E4223521E2900CAC3AE /* Actions.sks in Resources */ = {isa = PBXBuildFile; fileRef = 25105E4123521E2900CAC3AE /* Actions.sks */; };
		25105E4423521E2900CAC3AE /* GameScene.swift in Sources */ = {isa = PBXBuildFile; fileRef = 25105E4323521E2900CAC3AE /* GameScene.swift */; };
		25105E4623521E2900CAC3AE /* GameViewController.swift in Sources */ = {isa = PBXBuildFile; fileRef = 25105E4523521E2900CAC3AE /* GameViewController.swift */; };
		25105E4923521E2900CAC3AE /* Main.storyboard in Resources */ = {isa = PBXBuildFile; fileRef = 25105E4723521E2900CAC3AE /* Main.storyboard */; };
		25105E4B23521E2900CAC3AE /* Assets.xcassets in Resources */ = {isa = PBXBuildFile; fileRef = 25105E4A23521E2900CAC3AE /* Assets.xcassets */; };
		25105E4E23521E2900CAC3AE /* LaunchScreen.storyboard in Resources */ = {isa = PBXBuildFile; fileRef = 25105E4C23521E2900CAC3AE /* LaunchScreen.storyboard */; };
		25105E5923521E2900CAC3AE /* FinalProjectTests.swift in Sources */ = {isa = PBXBuildFile; fileRef = 25105E5823521E2900CAC3AE /* FinalProjectTests.swift */; };
		25105E6423521E2900CAC3AE /* FinalProjectUITests.swift in Sources */ = {isa = PBXBuildFile; fileRef = 25105E6323521E2900CAC3AE /* FinalProjectUITests.swift */; };
		25105E7C2353227900CAC3AE /* Wall.swift in Sources */ = {isa = PBXBuildFile; fileRef = 25105E7B2353227900CAC3AE /* Wall.swift */; };
		25105E7E2353228600CAC3AE /* Button.swift in Sources */ = {isa = PBXBuildFile; fileRef = 25105E7D2353228600CAC3AE /* Button.swift */; };
		25105E83235322B500CAC3AE /* button_active.png in Resources */ = {isa = PBXBuildFile; fileRef = 25105E82235322B500CAC3AE /* button_active.png */; };
		25105E85235322B900CAC3AE /* button.png in Resources */ = {isa = PBXBuildFile; fileRef = 25105E84235322B900CAC3AE /* button.png */; };
		25105E8C2353384300CAC3AE /* Level1Scene.swift in Sources */ = {isa = PBXBuildFile; fileRef = 25105E8B2353384300CAC3AE /* Level1Scene.swift */; };
		25105E8E2353386700CAC3AE /* Level1Scene.sks in Resources */ = {isa = PBXBuildFile; fileRef = 25105E8D2353386700CAC3AE /* Level1Scene.sks */; };
		252CBD2923F4761D00CF40E3 /* sky.png in Resources */ = {isa = PBXBuildFile; fileRef = 252CBD2723F4761D00CF40E3 /* sky.png */; };
		252CBD2A23F4761D00CF40E3 /* ship (temp).png in Resources */ = {isa = PBXBuildFile; fileRef = 252CBD2823F4761D00CF40E3 /* ship (temp).png */; };
		252EE1D323DB40440045115B /* MazeWall.swift in Sources */ = {isa = PBXBuildFile; fileRef = 252EE1D223DB40440045115B /* MazeWall.swift */; };
		2536DE2823882E8D000FC136 /* playerback.png in Resources */ = {isa = PBXBuildFile; fileRef = 2536DE2723882E8C000FC136 /* playerback.png */; };
		253A1C872392C2BA00CBECB9 /* tempicon.png in Resources */ = {isa = PBXBuildFile; fileRef = 253A1C852392C2B900CBECB9 /* tempicon.png */; };
		253A1C882392C2BA00CBECB9 /* tempiconsmall.png in Resources */ = {isa = PBXBuildFile; fileRef = 253A1C862392C2B900CBECB9 /* tempiconsmall.png */; };
		253A1C8A2392C3B400CBECB9 /* tempiconsmall2x.png in Resources */ = {isa = PBXBuildFile; fileRef = 253A1C892392C3B300CBECB9 /* tempiconsmall2x.png */; };
		253A1C8E2392C4DF00CBECB9 /* tempiconsmalliPad2xios9.png in Resources */ = {isa = PBXBuildFile; fileRef = 253A1C8C2392C4DE00CBECB9 /* tempiconsmalliPad2xios9.png */; };
		253A1C8F2392C4DF00CBECB9 /* tempiconiPad2x.png in Resources */ = {isa = PBXBuildFile; fileRef = 253A1C8D2392C4DF00CBECB9 /* tempiconiPad2x.png */; };
		254C38A72418086800EF4D0A /* skynewvert.png in Resources */ = {isa = PBXBuildFile; fileRef = 254C38A62418086700EF4D0A /* skynewvert.png */; };
		254C38B02418090600EF4D0A /* blul.png in Resources */ = {isa = PBXBuildFile; fileRef = 254C38A82418090300EF4D0A /* blul.png */; };
		254C38B12418090600EF4D0A /* red.png in Resources */ = {isa = PBXBuildFile; fileRef = 254C38A92418090300EF4D0A /* red.png */; };
		254C38B22418090600EF4D0A /* blu.png in Resources */ = {isa = PBXBuildFile; fileRef = 254C38AA2418090300EF4D0A /* blu.png */; };
		254C38B32418090600EF4D0A /* pur.png in Resources */ = {isa = PBXBuildFile; fileRef = 254C38AB2418090400EF4D0A /* pur.png */; };
		254C38B42418090600EF4D0A /* purl.png in Resources */ = {isa = PBXBuildFile; fileRef = 254C38AC2418090400EF4D0A /* purl.png */; };
		254C38B52418090600EF4D0A /* redl.png in Resources */ = {isa = PBXBuildFile; fileRef = 254C38AD2418090400EF4D0A /* redl.png */; };
		254C38B62418090600EF4D0A /* yel.png in Resources */ = {isa = PBXBuildFile; fileRef = 254C38AE2418090500EF4D0A /* yel.png */; };
		254C38B72418090600EF4D0A /* yell.png in Resources */ = {isa = PBXBuildFile; fileRef = 254C38AF2418090500EF4D0A /* yell.png */; };
		254C38BB2418194700EF4D0A /* overlayR.png in Resources */ = {isa = PBXBuildFile; fileRef = 254C38B82418194500EF4D0A /* overlayR.png */; };
		254C38BC2418194700EF4D0A /* overlayL.png in Resources */ = {isa = PBXBuildFile; fileRef = 254C38B92418194700EF4D0A /* overlayL.png */; };
		254C38BD2418194700EF4D0A /* overlayB.png in Resources */ = {isa = PBXBuildFile; fileRef = 254C38BA2418194700EF4D0A /* overlayB.png */; };
		254C97CF23EF27E00036FBB6 /* BlueFront.png in Resources */ = {isa = PBXBuildFile; fileRef = 254C97CC23EF27DF0036FBB6 /* BlueFront.png */; };
		254C97D023EF27E00036FBB6 /* PurpleFront.png in Resources */ = {isa = PBXBuildFile; fileRef = 254C97CD23EF27DF0036FBB6 /* PurpleFront.png */; };
		254C97D123EF27E00036FBB6 /* RedFront.png in Resources */ = {isa = PBXBuildFile; fileRef = 254C97CE23EF27DF0036FBB6 /* RedFront.png */; };
		254C97D323EF28E90036FBB6 /* play.png in Resources */ = {isa = PBXBuildFile; fileRef = 254C97D223EF28E80036FBB6 /* play.png */; };
		254C97D523EF29510036FBB6 /* enemy.png in Resources */ = {isa = PBXBuildFile; fileRef = 254C97D423EF29500036FBB6 /* enemy.png */; };
		2561E94023548BFC00B23812 /* LevelSelectScene.swift in Sources */ = {isa = PBXBuildFile; fileRef = 2561E93F23548BFC00B23812 /* LevelSelectScene.swift */; };
		2561E94223548C0F00B23812 /* LevelSelectScene.sks in Resources */ = {isa = PBXBuildFile; fileRef = 2561E94123548C0F00B23812 /* LevelSelectScene.sks */; };
		2561E9442354C58000B23812 /* Level2Scene.sks in Resources */ = {isa = PBXBuildFile; fileRef = 2561E9432354C58000B23812 /* Level2Scene.sks */; };
		2561E9462354C59000B23812 /* Level2Scene.swift in Sources */ = {isa = PBXBuildFile; fileRef = 2561E9452354C59000B23812 /* Level2Scene.swift */; };
		2561E9482354C5A000B23812 /* Level3Scene.sks in Resources */ = {isa = PBXBuildFile; fileRef = 2561E9472354C5A000B23812 /* Level3Scene.sks */; };
		2561E94A2354C5AA00B23812 /* Level3Scene.swift in Sources */ = {isa = PBXBuildFile; fileRef = 2561E9492354C5AA00B23812 /* Level3Scene.swift */; };
		2563DFE023E1ED380099B21D /* Item.swift in Sources */ = {isa = PBXBuildFile; fileRef = 2563DFDF23E1ED380099B21D /* Item.swift */; };
		25642EF5235373C100650F9C /* MenuScene.swift in Sources */ = {isa = PBXBuildFile; fileRef = 25642EF4235373C100650F9C /* MenuScene.swift */; };
		25642EF7235373E500650F9C /* MenuScene.sks in Resources */ = {isa = PBXBuildFile; fileRef = 25642EF6235373E500650F9C /* MenuScene.sks */; };
		256FB44423F33A8C003D3BBE /* Popup.swift in Sources */ = {isa = PBXBuildFile; fileRef = 256FB44323F33A8C003D3BBE /* Popup.swift */; };
		257CAFD4240FE610002E7EA3 /* maze3.png in Resources */ = {isa = PBXBuildFile; fileRef = 257CAFD2240FE610002E7EA3 /* maze3.png */; };
		257CAFD5240FE610002E7EA3 /* maze2.png in Resources */ = {isa = PBXBuildFile; fileRef = 257CAFD3240FE610002E7EA3 /* maze2.png */; };
		257CAFD7240FE6F3002E7EA3 /* maze4.png in Resources */ = {isa = PBXBuildFile; fileRef = 257CAFD6240FE6F3002E7EA3 /* maze4.png */; };
		2585FCCE23D9C919005926F5 /* Level4Scene.sks in Resources */ = {isa = PBXBuildFile; fileRef = 2585FCCD23D9C919005926F5 /* Level4Scene.sks */; };
		2585FCD023D9C935005926F5 /* Level4Scene.swift in Sources */ = {isa = PBXBuildFile; fileRef = 2585FCCF23D9C935005926F5 /* Level4Scene.swift */; };
		2585FCD323D9E195005926F5 /* maze1.png in Resources */ = {isa = PBXBuildFile; fileRef = 2585FCD223D9E195005926F5 /* maze1.png */; };
		258FF9B424196F02008480CE /* pop.png in Resources */ = {isa = PBXBuildFile; fileRef = 258FF9B324196F02008480CE /* pop.png */; };
		258FF9B824198A60008480CE /* ch3.png in Resources */ = {isa = PBXBuildFile; fileRef = 258FF9B524198A60008480CE /* ch3.png */; };
		258FF9B924198A60008480CE /* ch2.png in Resources */ = {isa = PBXBuildFile; fileRef = 258FF9B624198A60008480CE /* ch2.png */; };
		258FF9BA24198A60008480CE /* ch1.png in Resources */ = {isa = PBXBuildFile; fileRef = 258FF9B724198A60008480CE /* ch1.png */; };
		258FF9BE24198F4D008480CE /* menuloop.wav in Resources */ = {isa = PBXBuildFile; fileRef = 258FF9BD24198F4D008480CE /* menuloop.wav */; };
		258FF9C0241A484F008480CE /* skynew.png in Resources */ = {isa = PBXBuildFile; fileRef = 258FF9BF241A484F008480CE /* skynew.png */; };
		258FF9CB241BC73F008480CE /* buttonflat.png in Resources */ = {isa = PBXBuildFile; fileRef = 258FF9C9241BC73D008480CE /* buttonflat.png */; };
		258FF9CC241BC73F008480CE /* button.png in Resources */ = {isa = PBXBuildFile; fileRef = 258FF9CA241BC73D008480CE /* button.png */; };
		258FF9D5241C03D0008480CE /* startflat.png in Resources */ = {isa = PBXBuildFile; fileRef = 258FF9CF241C03CE008480CE /* startflat.png */; };
		258FF9D6241C03D0008480CE /* menu.png in Resources */ = {isa = PBXBuildFile; fileRef = 258FF9D0241C03CE008480CE /* menu.png */; };
		258FF9D7241C03D0008480CE /* optionsflat.png in Resources */ = {isa = PBXBuildFile; fileRef = 258FF9D1241C03CF008480CE /* optionsflat.png */; };
		258FF9D8241C03D0008480CE /* start.png in Resources */ = {isa = PBXBuildFile; fileRef = 258FF9D2241C03CF008480CE /* start.png */; };
		258FF9D9241C03D0008480CE /* menuflat.png in Resources */ = {isa = PBXBuildFile; fileRef = 258FF9D3241C03D0008480CE /* menuflat.png */; };
		258FF9DA241C03D0008480CE /* options.png in Resources */ = {isa = PBXBuildFile; fileRef = 258FF9D4241C03D0008480CE /* options.png */; };
		258FF9DC241C1F99008480CE /* VolumeControl.swift in Sources */ = {isa = PBXBuildFile; fileRef = 258FF9DB241C1F99008480CE /* VolumeControl.swift */; };
		25B9C4182374C07F00BAFC36 /* Enemy.swift in Sources */ = {isa = PBXBuildFile; fileRef = 25B9C4172374C07F00BAFC36 /* Enemy.swift */; };
		25C56B6323F6D7D300A61747 /* popup.png in Resources */ = {isa = PBXBuildFile; fileRef = 25C56B6223F6D7D200A61747 /* popup.png */; };
		25C56B6723F6DFF900A61747 /* 180.png in Resources */ = {isa = PBXBuildFile; fileRef = 25C56B6423F6DFF800A61747 /* 180.png */; };
		25C56B6823F6DFF900A61747 /* 120.png in Resources */ = {isa = PBXBuildFile; fileRef = 25C56B6523F6DFF800A61747 /* 120.png */; };
		25C56B6923F6DFF900A61747 /* icon.png in Resources */ = {isa = PBXBuildFile; fileRef = 25C56B6623F6DFF900A61747 /* icon.png */; };
		25C56B6B23F6E0CE00A61747 /* 1024.png in Resources */ = {isa = PBXBuildFile; fileRef = 25C56B6A23F6E0CD00A61747 /* 1024.png */; };
		25C56B6F23F6EDC400A61747 /* 76.png in Resources */ = {isa = PBXBuildFile; fileRef = 25C56B6D23F6EDC300A61747 /* 76.png */; };
		25C56B7123F6F03B00A61747 /* skyvert.png in Resources */ = {isa = PBXBuildFile; fileRef = 25C56B7023F6F03800A61747 /* skyvert.png */; };
		25C56B7423F6F8C800A61747 /* 835.png in Resources */ = {isa = PBXBuildFile; fileRef = 25C56B7223F6F8C600A61747 /* 835.png */; };
		25C56B7523F6F8C800A61747 /* 152.png in Resources */ = {isa = PBXBuildFile; fileRef = 25C56B7323F6F8C700A61747 /* 152.png */; };
		25C97990238D8744001865CC /* GameData.swift in Sources */ = {isa = PBXBuildFile; fileRef = 25C9798F238D8744001865CC /* GameData.swift */; };
		25D21D3C2427F62F00C5B278 /* Conductive.ttf in Resources */ = {isa = PBXBuildFile; fileRef = 25D21D3B2427F52500C5B278 /* Conductive.ttf */; };
		25D21D442428018E00C5B278 /* volcircle.png in Resources */ = {isa = PBXBuildFile; fileRef = 25D21D432428018D00C5B278 /* volcircle.png */; };
		25D21D462428032900C5B278 /* launch.png in Resources */ = {isa = PBXBuildFile; fileRef = 25D21D452428032900C5B278 /* launch.png */; };
		25EE37F62367438E00C30E82 /* Menu.swift in Sources */ = {isa = PBXBuildFile; fileRef = 25EE37F52367438E00C30E82 /* Menu.swift */; };
/* End PBXBuildFile section */

/* Begin PBXContainerItemProxy section */
		25105E5523521E2900CAC3AE /* PBXContainerItemProxy */ = {
			isa = PBXContainerItemProxy;
			containerPortal = 25105E3223521E2900CAC3AE /* Project object */;
			proxyType = 1;
			remoteGlobalIDString = 25105E3923521E2900CAC3AE;
			remoteInfo = FinalProject;
		};
		25105E6023521E2900CAC3AE /* PBXContainerItemProxy */ = {
			isa = PBXContainerItemProxy;
			containerPortal = 25105E3223521E2900CAC3AE /* Project object */;
			proxyType = 1;
			remoteGlobalIDString = 25105E3923521E2900CAC3AE;
			remoteInfo = FinalProject;
		};
/* End PBXContainerItemProxy section */

/* Begin PBXFileReference section */
		2506F6C423E31C4200F639D3 /* item_temp.png */ = {isa = PBXFileReference; lastKnownFileType = image.png; path = item_temp.png; sourceTree = "<group>"; };
		25105E3A23521E2900CAC3AE /* FinalProject.app */ = {isa = PBXFileReference; explicitFileType = wrapper.application; includeInIndex = 0; path = FinalProject.app; sourceTree = BUILT_PRODUCTS_DIR; };
		25105E3D23521E2900CAC3AE /* AppDelegate.swift */ = {isa = PBXFileReference; lastKnownFileType = sourcecode.swift; path = AppDelegate.swift; sourceTree = "<group>"; };
		25105E4123521E2900CAC3AE /* Actions.sks */ = {isa = PBXFileReference; lastKnownFileType = file.sks; path = Actions.sks; sourceTree = "<group>"; };
		25105E4323521E2900CAC3AE /* GameScene.swift */ = {isa = PBXFileReference; lastKnownFileType = sourcecode.swift; path = GameScene.swift; sourceTree = "<group>"; };
		25105E4523521E2900CAC3AE /* GameViewController.swift */ = {isa = PBXFileReference; lastKnownFileType = sourcecode.swift; path = GameViewController.swift; sourceTree = "<group>"; };
		25105E4823521E2900CAC3AE /* Base */ = {isa = PBXFileReference; lastKnownFileType = file.storyboard; name = Base; path = Base.lproj/Main.storyboard; sourceTree = "<group>"; };
		25105E4A23521E2900CAC3AE /* Assets.xcassets */ = {isa = PBXFileReference; lastKnownFileType = folder.assetcatalog; path = Assets.xcassets; sourceTree = "<group>"; };
		25105E4D23521E2900CAC3AE /* Base */ = {isa = PBXFileReference; lastKnownFileType = file.storyboard; name = Base; path = Base.lproj/LaunchScreen.storyboard; sourceTree = "<group>"; };
		25105E4F23521E2900CAC3AE /* Info.plist */ = {isa = PBXFileReference; lastKnownFileType = text.plist.xml; path = Info.plist; sourceTree = "<group>"; };
		25105E5423521E2900CAC3AE /* FinalProjectTests.xctest */ = {isa = PBXFileReference; explicitFileType = wrapper.cfbundle; includeInIndex = 0; path = FinalProjectTests.xctest; sourceTree = BUILT_PRODUCTS_DIR; };
		25105E5823521E2900CAC3AE /* FinalProjectTests.swift */ = {isa = PBXFileReference; lastKnownFileType = sourcecode.swift; path = FinalProjectTests.swift; sourceTree = "<group>"; };
		25105E5A23521E2900CAC3AE /* Info.plist */ = {isa = PBXFileReference; lastKnownFileType = text.plist.xml; path = Info.plist; sourceTree = "<group>"; };
		25105E5F23521E2900CAC3AE /* FinalProjectUITests.xctest */ = {isa = PBXFileReference; explicitFileType = wrapper.cfbundle; includeInIndex = 0; path = FinalProjectUITests.xctest; sourceTree = BUILT_PRODUCTS_DIR; };
		25105E6323521E2900CAC3AE /* FinalProjectUITests.swift */ = {isa = PBXFileReference; lastKnownFileType = sourcecode.swift; path = FinalProjectUITests.swift; sourceTree = "<group>"; };
		25105E6523521E2900CAC3AE /* Info.plist */ = {isa = PBXFileReference; lastKnownFileType = text.plist.xml; path = Info.plist; sourceTree = "<group>"; };
		25105E7B2353227900CAC3AE /* Wall.swift */ = {isa = PBXFileReference; fileEncoding = 4; lastKnownFileType = sourcecode.swift; path = Wall.swift; sourceTree = "<group>"; };
		25105E7D2353228600CAC3AE /* Button.swift */ = {isa = PBXFileReference; fileEncoding = 4; lastKnownFileType = sourcecode.swift; path = Button.swift; sourceTree = "<group>"; };
		25105E82235322B500CAC3AE /* button_active.png */ = {isa = PBXFileReference; lastKnownFileType = image.png; path = button_active.png; sourceTree = "<group>"; };
		25105E84235322B900CAC3AE /* button.png */ = {isa = PBXFileReference; lastKnownFileType = image.png; path = button.png; sourceTree = "<group>"; };
		25105E8B2353384300CAC3AE /* Level1Scene.swift */ = {isa = PBXFileReference; lastKnownFileType = sourcecode.swift; path = Level1Scene.swift; sourceTree = "<group>"; };
		25105E8D2353386700CAC3AE /* Level1Scene.sks */ = {isa = PBXFileReference; lastKnownFileType = file.sks; path = Level1Scene.sks; sourceTree = "<group>"; };
		252CBD2723F4761D00CF40E3 /* sky.png */ = {isa = PBXFileReference; lastKnownFileType = image.png; path = sky.png; sourceTree = "<group>"; };
		252CBD2823F4761D00CF40E3 /* ship (temp).png */ = {isa = PBXFileReference; lastKnownFileType = image.png; path = "ship (temp).png"; sourceTree = "<group>"; };
		252EE1D223DB40440045115B /* MazeWall.swift */ = {isa = PBXFileReference; lastKnownFileType = sourcecode.swift; path = MazeWall.swift; sourceTree = "<group>"; };
		2536DE2723882E8C000FC136 /* playerback.png */ = {isa = PBXFileReference; lastKnownFileType = image.png; path = playerback.png; sourceTree = "<group>"; };
		253A1C852392C2B900CBECB9 /* tempicon.png */ = {isa = PBXFileReference; lastKnownFileType = image.png; path = tempicon.png; sourceTree = "<group>"; };
		253A1C862392C2B900CBECB9 /* tempiconsmall.png */ = {isa = PBXFileReference; lastKnownFileType = image.png; path = tempiconsmall.png; sourceTree = "<group>"; };
		253A1C892392C3B300CBECB9 /* tempiconsmall2x.png */ = {isa = PBXFileReference; lastKnownFileType = image.png; path = tempiconsmall2x.png; sourceTree = "<group>"; };
		253A1C8C2392C4DE00CBECB9 /* tempiconsmalliPad2xios9.png */ = {isa = PBXFileReference; lastKnownFileType = image.png; path = tempiconsmalliPad2xios9.png; sourceTree = "<group>"; };
		253A1C8D2392C4DF00CBECB9 /* tempiconiPad2x.png */ = {isa = PBXFileReference; lastKnownFileType = image.png; path = tempiconiPad2x.png; sourceTree = "<group>"; };
		254C38A62418086700EF4D0A /* skynewvert.png */ = {isa = PBXFileReference; lastKnownFileType = image.png; path = skynewvert.png; sourceTree = "<group>"; };
		254C38A82418090300EF4D0A /* blul.png */ = {isa = PBXFileReference; lastKnownFileType = image.png; path = blul.png; sourceTree = "<group>"; };
		254C38A92418090300EF4D0A /* red.png */ = {isa = PBXFileReference; lastKnownFileType = image.png; path = red.png; sourceTree = "<group>"; };
		254C38AA2418090300EF4D0A /* blu.png */ = {isa = PBXFileReference; lastKnownFileType = image.png; path = blu.png; sourceTree = "<group>"; };
		254C38AB2418090400EF4D0A /* pur.png */ = {isa = PBXFileReference; lastKnownFileType = image.png; path = pur.png; sourceTree = "<group>"; };
		254C38AC2418090400EF4D0A /* purl.png */ = {isa = PBXFileReference; lastKnownFileType = image.png; path = purl.png; sourceTree = "<group>"; };
		254C38AD2418090400EF4D0A /* redl.png */ = {isa = PBXFileReference; lastKnownFileType = image.png; path = redl.png; sourceTree = "<group>"; };
		254C38AE2418090500EF4D0A /* yel.png */ = {isa = PBXFileReference; lastKnownFileType = image.png; path = yel.png; sourceTree = "<group>"; };
		254C38AF2418090500EF4D0A /* yell.png */ = {isa = PBXFileReference; lastKnownFileType = image.png; path = yell.png; sourceTree = "<group>"; };
		254C38B82418194500EF4D0A /* overlayR.png */ = {isa = PBXFileReference; lastKnownFileType = image.png; path = overlayR.png; sourceTree = "<group>"; };
		254C38B92418194700EF4D0A /* overlayL.png */ = {isa = PBXFileReference; lastKnownFileType = image.png; path = overlayL.png; sourceTree = "<group>"; };
		254C38BA2418194700EF4D0A /* overlayB.png */ = {isa = PBXFileReference; lastKnownFileType = image.png; path = overlayB.png; sourceTree = "<group>"; };
		254C97C823EF27980036FBB6 /* player.png */ = {isa = PBXFileReference; lastKnownFileType = image.png; path = player.png; sourceTree = "<group>"; };
		254C97CC23EF27DF0036FBB6 /* BlueFront.png */ = {isa = PBXFileReference; lastKnownFileType = image.png; path = BlueFront.png; sourceTree = "<group>"; };
		254C97CD23EF27DF0036FBB6 /* PurpleFront.png */ = {isa = PBXFileReference; lastKnownFileType = image.png; path = PurpleFront.png; sourceTree = "<group>"; };
		254C97CE23EF27DF0036FBB6 /* RedFront.png */ = {isa = PBXFileReference; lastKnownFileType = image.png; path = RedFront.png; sourceTree = "<group>"; };
		254C97D223EF28E80036FBB6 /* play.png */ = {isa = PBXFileReference; lastKnownFileType = image.png; path = play.png; sourceTree = "<group>"; };
		254C97D423EF29500036FBB6 /* enemy.png */ = {isa = PBXFileReference; lastKnownFileType = image.png; name = enemy.png; path = "FinalProject/New Group/Temp/enemy.png"; sourceTree = SOURCE_ROOT; };
		2561E93F23548BFC00B23812 /* LevelSelectScene.swift */ = {isa = PBXFileReference; lastKnownFileType = sourcecode.swift; path = LevelSelectScene.swift; sourceTree = "<group>"; };
		2561E94123548C0F00B23812 /* LevelSelectScene.sks */ = {isa = PBXFileReference; lastKnownFileType = file.sks; path = LevelSelectScene.sks; sourceTree = "<group>"; };
		2561E9432354C58000B23812 /* Level2Scene.sks */ = {isa = PBXFileReference; lastKnownFileType = file.sks; path = Level2Scene.sks; sourceTree = "<group>"; };
		2561E9452354C59000B23812 /* Level2Scene.swift */ = {isa = PBXFileReference; fileEncoding = 4; lastKnownFileType = sourcecode.swift; path = Level2Scene.swift; sourceTree = "<group>"; };
		2561E9472354C5A000B23812 /* Level3Scene.sks */ = {isa = PBXFileReference; lastKnownFileType = file.sks; path = Level3Scene.sks; sourceTree = "<group>"; };
		2561E9492354C5AA00B23812 /* Level3Scene.swift */ = {isa = PBXFileReference; fileEncoding = 4; lastKnownFileType = sourcecode.swift; path = Level3Scene.swift; sourceTree = "<group>"; };
		2563DFDF23E1ED380099B21D /* Item.swift */ = {isa = PBXFileReference; lastKnownFileType = sourcecode.swift; path = Item.swift; sourceTree = "<group>"; };
		25642EF4235373C100650F9C /* MenuScene.swift */ = {isa = PBXFileReference; lastKnownFileType = sourcecode.swift; path = MenuScene.swift; sourceTree = "<group>"; };
		25642EF6235373E500650F9C /* MenuScene.sks */ = {isa = PBXFileReference; lastKnownFileType = file.sks; path = MenuScene.sks; sourceTree = "<group>"; };
		256FB44323F33A8C003D3BBE /* Popup.swift */ = {isa = PBXFileReference; lastKnownFileType = sourcecode.swift; path = Popup.swift; sourceTree = "<group>"; };
		257CAFD2240FE610002E7EA3 /* maze3.png */ = {isa = PBXFileReference; lastKnownFileType = image.png; path = maze3.png; sourceTree = "<group>"; };
		257CAFD3240FE610002E7EA3 /* maze2.png */ = {isa = PBXFileReference; lastKnownFileType = image.png; path = maze2.png; sourceTree = "<group>"; };
		257CAFD6240FE6F3002E7EA3 /* maze4.png */ = {isa = PBXFileReference; lastKnownFileType = image.png; path = maze4.png; sourceTree = "<group>"; };
		2585FCCD23D9C919005926F5 /* Level4Scene.sks */ = {isa = PBXFileReference; lastKnownFileType = file.sks; path = Level4Scene.sks; sourceTree = "<group>"; };
		2585FCCF23D9C935005926F5 /* Level4Scene.swift */ = {isa = PBXFileReference; lastKnownFileType = sourcecode.swift; path = Level4Scene.swift; sourceTree = "<group>"; };
		2585FCD223D9E195005926F5 /* maze1.png */ = {isa = PBXFileReference; lastKnownFileType = image.png; path = maze1.png; sourceTree = "<group>"; };
		258FF9B324196F02008480CE /* pop.png */ = {isa = PBXFileReference; lastKnownFileType = image.png; path = pop.png; sourceTree = "<group>"; };
		258FF9B524198A60008480CE /* ch3.png */ = {isa = PBXFileReference; lastKnownFileType = image.png; path = ch3.png; sourceTree = "<group>"; };
		258FF9B624198A60008480CE /* ch2.png */ = {isa = PBXFileReference; lastKnownFileType = image.png; path = ch2.png; sourceTree = "<group>"; };
		258FF9B724198A60008480CE /* ch1.png */ = {isa = PBXFileReference; lastKnownFileType = image.png; path = ch1.png; sourceTree = "<group>"; };
		258FF9BD24198F4D008480CE /* menuloop.wav */ = {isa = PBXFileReference; lastKnownFileType = audio.wav; path = menuloop.wav; sourceTree = "<group>"; };
		258FF9BF241A484F008480CE /* skynew.png */ = {isa = PBXFileReference; lastKnownFileType = image.png; name = skynew.png; path = "../../../../../../../Pictures/School/Final Project/skynew.png"; sourceTree = "<group>"; };
		258FF9C9241BC73D008480CE /* buttonflat.png */ = {isa = PBXFileReference; lastKnownFileType = image.png; path = buttonflat.png; sourceTree = "<group>"; };
		258FF9CA241BC73D008480CE /* button.png */ = {isa = PBXFileReference; lastKnownFileType = image.png; path = button.png; sourceTree = "<group>"; };
		258FF9CF241C03CE008480CE /* startflat.png */ = {isa = PBXFileReference; lastKnownFileType = image.png; path = startflat.png; sourceTree = "<group>"; };
		258FF9D0241C03CE008480CE /* menu.png */ = {isa = PBXFileReference; lastKnownFileType = image.png; path = menu.png; sourceTree = "<group>"; };
		258FF9D1241C03CF008480CE /* optionsflat.png */ = {isa = PBXFileReference; lastKnownFileType = image.png; path = optionsflat.png; sourceTree = "<group>"; };
		258FF9D2241C03CF008480CE /* start.png */ = {isa = PBXFileReference; lastKnownFileType = image.png; path = start.png; sourceTree = "<group>"; };
		258FF9D3241C03D0008480CE /* menuflat.png */ = {isa = PBXFileReference; lastKnownFileType = image.png; path = menuflat.png; sourceTree = "<group>"; };
		258FF9D4241C03D0008480CE /* options.png */ = {isa = PBXFileReference; lastKnownFileType = image.png; path = options.png; sourceTree = "<group>"; };
		258FF9DB241C1F99008480CE /* VolumeControl.swift */ = {isa = PBXFileReference; lastKnownFileType = sourcecode.swift; path = VolumeControl.swift; sourceTree = "<group>"; };
		25B9C4172374C07F00BAFC36 /* Enemy.swift */ = {isa = PBXFileReference; lastKnownFileType = sourcecode.swift; path = Enemy.swift; sourceTree = "<group>"; };
		25C56B6223F6D7D200A61747 /* popup.png */ = {isa = PBXFileReference; lastKnownFileType = image.png; path = popup.png; sourceTree = "<group>"; };
		25C56B6423F6DFF800A61747 /* 180.png */ = {isa = PBXFileReference; lastKnownFileType = image.png; path = 180.png; sourceTree = "<group>"; };
		25C56B6523F6DFF800A61747 /* 120.png */ = {isa = PBXFileReference; lastKnownFileType = image.png; path = 120.png; sourceTree = "<group>"; };
		25C56B6623F6DFF900A61747 /* icon.png */ = {isa = PBXFileReference; lastKnownFileType = image.png; path = icon.png; sourceTree = "<group>"; };
		25C56B6A23F6E0CD00A61747 /* 1024.png */ = {isa = PBXFileReference; lastKnownFileType = image.png; path = 1024.png; sourceTree = "<group>"; };
		25C56B6D23F6EDC300A61747 /* 76.png */ = {isa = PBXFileReference; lastKnownFileType = image.png; path = 76.png; sourceTree = "<group>"; };
		25C56B7023F6F03800A61747 /* skyvert.png */ = {isa = PBXFileReference; lastKnownFileType = image.png; path = skyvert.png; sourceTree = "<group>"; };
		25C56B7223F6F8C600A61747 /* 835.png */ = {isa = PBXFileReference; lastKnownFileType = image.png; path = 835.png; sourceTree = "<group>"; };
		25C56B7323F6F8C700A61747 /* 152.png */ = {isa = PBXFileReference; lastKnownFileType = image.png; path = 152.png; sourceTree = "<group>"; };
		25C9798F238D8744001865CC /* GameData.swift */ = {isa = PBXFileReference; lastKnownFileType = sourcecode.swift; path = GameData.swift; sourceTree = "<group>"; };
		25D21D3B2427F52500C5B278 /* Conductive.ttf */ = {isa = PBXFileReference; lastKnownFileType = file; name = Conductive.ttf; path = "FinalProject/New Group/Interface/Conductive.ttf"; sourceTree = SOURCE_ROOT; };
		25D21D432428018D00C5B278 /* volcircle.png */ = {isa = PBXFileReference; lastKnownFileType = image.png; path = volcircle.png; sourceTree = "<group>"; };
		25D21D452428032900C5B278 /* launch.png */ = {isa = PBXFileReference; lastKnownFileType = image.png; path = launch.png; sourceTree = "<group>"; };
		25EE37F52367438E00C30E82 /* Menu.swift */ = {isa = PBXFileReference; lastKnownFileType = sourcecode.swift; path = Menu.swift; sourceTree = "<group>"; };
/* End PBXFileReference section */

/* Begin PBXFrameworksBuildPhase section */
		25105E3723521E2900CAC3AE /* Frameworks */ = {
			isa = PBXFrameworksBuildPhase;
			buildActionMask = 2147483647;
			files = (
			);
			runOnlyForDeploymentPostprocessing = 0;
		};
		25105E5123521E2900CAC3AE /* Frameworks */ = {
			isa = PBXFrameworksBuildPhase;
			buildActionMask = 2147483647;
			files = (
			);
			runOnlyForDeploymentPostprocessing = 0;
		};
		25105E5C23521E2900CAC3AE /* Frameworks */ = {
			isa = PBXFrameworksBuildPhase;
			buildActionMask = 2147483647;
			files = (
			);
			runOnlyForDeploymentPostprocessing = 0;
		};
/* End PBXFrameworksBuildPhase section */

/* Begin PBXGroup section */
		25105E3123521E2900CAC3AE = {
			isa = PBXGroup;
			children = (
				25105E3C23521E2900CAC3AE /* FinalProject */,
				25105E5723521E2900CAC3AE /* FinalProjectTests */,
				25105E6223521E2900CAC3AE /* FinalProjectUITests */,
				25105E3B23521E2900CAC3AE /* Products */,
			);
			sourceTree = "<group>";
		};
		25105E3B23521E2900CAC3AE /* Products */ = {
			isa = PBXGroup;
			children = (
				25105E3A23521E2900CAC3AE /* FinalProject.app */,
				25105E5423521E2900CAC3AE /* FinalProjectTests.xctest */,
				25105E5F23521E2900CAC3AE /* FinalProjectUITests.xctest */,
			);
			name = Products;
			sourceTree = "<group>";
		};
		25105E3C23521E2900CAC3AE /* FinalProject */ = {
			isa = PBXGroup;
			children = (
				258FF9BB24198F34008480CE /* Audio */,
				25105E88235322CB00CAC3AE /* Images */,
				25105E7F2353228D00CAC3AE /* CustomClasses */,
				2561E93C2354892F00B23812 /* Scenes */,
				25105E4523521E2900CAC3AE /* GameViewController.swift */,
				25105E3D23521E2900CAC3AE /* AppDelegate.swift */,
				25105E4123521E2900CAC3AE /* Actions.sks */,
				25105E4723521E2900CAC3AE /* Main.storyboard */,
				25105E4C23521E2900CAC3AE /* LaunchScreen.storyboard */,
				25105E4F23521E2900CAC3AE /* Info.plist */,
				25105E4A23521E2900CAC3AE /* Assets.xcassets */,
			);
			path = FinalProject;
			sourceTree = "<group>";
		};
		25105E5723521E2900CAC3AE /* FinalProjectTests */ = {
			isa = PBXGroup;
			children = (
				25105E5823521E2900CAC3AE /* FinalProjectTests.swift */,
				25105E5A23521E2900CAC3AE /* Info.plist */,
			);
			path = FinalProjectTests;
			sourceTree = "<group>";
		};
		25105E6223521E2900CAC3AE /* FinalProjectUITests */ = {
			isa = PBXGroup;
			children = (
				25105E6323521E2900CAC3AE /* FinalProjectUITests.swift */,
				25105E6523521E2900CAC3AE /* Info.plist */,
			);
			path = FinalProjectUITests;
			sourceTree = "<group>";
		};
		25105E7F2353228D00CAC3AE /* CustomClasses */ = {
			isa = PBXGroup;
			children = (
				25C9798F238D8744001865CC /* GameData.swift */,
				25105E4323521E2900CAC3AE /* GameScene.swift */,
				256FB44323F33A8C003D3BBE /* Popup.swift */,
				25EE37F52367438E00C30E82 /* Menu.swift */,
				25105E7D2353228600CAC3AE /* Button.swift */,
				25105E7B2353227900CAC3AE /* Wall.swift */,
				252EE1D223DB40440045115B /* MazeWall.swift */,
				25B9C4172374C07F00BAFC36 /* Enemy.swift */,
				2563DFDF23E1ED380099B21D /* Item.swift */,
				258FF9DB241C1F99008480CE /* VolumeControl.swift */,
			);
			path = CustomClasses;
			sourceTree = "<group>";
		};
		25105E88235322CB00CAC3AE /* Images */ = {
			isa = PBXGroup;
			children = (
				258FF9AA24196865008480CE /* Interface */,
				252CBD4523F57A0F00CF40E3 /* Character */,
				2585FCD123D9E144005926F5 /* References */,
				253A1C8B2392C3C200CBECB9 /* Icons */,
				254C97C523EF277D0036FBB6 /* Temp */,
			);
			name = Images;
			path = "New Group";
			sourceTree = "<group>";
		};
		252CBD2623F4760200CF40E3 /* Level Select */ = {
			isa = PBXGroup;
			children = (
				254C38BA2418194700EF4D0A /* overlayB.png */,
				254C38B82418194500EF4D0A /* overlayR.png */,
				254C38B92418194700EF4D0A /* overlayL.png */,
				258FF9BF241A484F008480CE /* skynew.png */,
				254C38A62418086700EF4D0A /* skynewvert.png */,
				252CBD2823F4761D00CF40E3 /* ship (temp).png */,
				252CBD2723F4761D00CF40E3 /* sky.png */,
				25C56B7023F6F03800A61747 /* skyvert.png */,
				254C38AA2418090300EF4D0A /* blu.png */,
				254C38A82418090300EF4D0A /* blul.png */,
				254C38AB2418090400EF4D0A /* pur.png */,
				254C38AC2418090400EF4D0A /* purl.png */,
				254C38A92418090300EF4D0A /* red.png */,
				254C38AD2418090400EF4D0A /* redl.png */,
				254C38AE2418090500EF4D0A /* yel.png */,
				254C38AF2418090500EF4D0A /* yell.png */,
			);
			path = "Level Select";
			sourceTree = "<group>";
		};
		252CBD4523F57A0F00CF40E3 /* Character */ = {
			isa = PBXGroup;
			children = (
				254C97CC23EF27DF0036FBB6 /* BlueFront.png */,
				254C97CD23EF27DF0036FBB6 /* PurpleFront.png */,
				254C97CE23EF27DF0036FBB6 /* RedFront.png */,
			);
			path = Character;
			sourceTree = "<group>";
		};
		253A1C8B2392C3C200CBECB9 /* Icons */ = {
			isa = PBXGroup;
			children = (
				25C56B7323F6F8C700A61747 /* 152.png */,
				25C56B7223F6F8C600A61747 /* 835.png */,
				25C56B6D23F6EDC300A61747 /* 76.png */,
				25C56B6A23F6E0CD00A61747 /* 1024.png */,
				25C56B6523F6DFF800A61747 /* 120.png */,
				25C56B6423F6DFF800A61747 /* 180.png */,
				25C56B6623F6DFF900A61747 /* icon.png */,
				253A1C8D2392C4DF00CBECB9 /* tempiconiPad2x.png */,
				253A1C8C2392C4DE00CBECB9 /* tempiconsmalliPad2xios9.png */,
				253A1C852392C2B900CBECB9 /* tempicon.png */,
				253A1C892392C3B300CBECB9 /* tempiconsmall2x.png */,
				253A1C862392C2B900CBECB9 /* tempiconsmall.png */,
			);
			path = Icons;
			sourceTree = "<group>";
		};
		254C97C523EF277D0036FBB6 /* Temp */ = {
			isa = PBXGroup;
			children = (
				25C56B6223F6D7D200A61747 /* popup.png */,
				2506F6C423E31C4200F639D3 /* item_temp.png */,
				2536DE2723882E8C000FC136 /* playerback.png */,
				254C97D223EF28E80036FBB6 /* play.png */,
				254C97C823EF27980036FBB6 /* player.png */,
				254C97D423EF29500036FBB6 /* enemy.png */,
				25105E84235322B900CAC3AE /* button.png */,
				25105E82235322B500CAC3AE /* button_active.png */,
			);
			path = Temp;
			sourceTree = "<group>";
		};
		2561E93C2354892F00B23812 /* Scenes */ = {
			isa = PBXGroup;
			children = (
				2561E93E2354896000B23812 /* Levels */,
				2561E93D2354895900B23812 /* Menus */,
			);
			path = Scenes;
			sourceTree = "<group>";
		};
		2561E93D2354895900B23812 /* Menus */ = {
			isa = PBXGroup;
			children = (
				25642EF6235373E500650F9C /* MenuScene.sks */,
				25642EF4235373C100650F9C /* MenuScene.swift */,
				2561E94123548C0F00B23812 /* LevelSelectScene.sks */,
				2561E93F23548BFC00B23812 /* LevelSelectScene.swift */,
			);
			path = Menus;
			sourceTree = "<group>";
		};
		2561E93E2354896000B23812 /* Levels */ = {
			isa = PBXGroup;
			children = (
				258FF9A624193A7E008480CE /* Yellow-1 */,
				258FF9A824193A9E008480CE /* Blue-2 */,
				258FF9A924193AA4008480CE /* Purple-3 */,
				258FF9A724193A94008480CE /* Red-4 */,
			);
			path = Levels;
			sourceTree = "<group>";
		};
		2585FCD123D9E144005926F5 /* References */ = {
			isa = PBXGroup;
			children = (
				2585FCD223D9E195005926F5 /* maze1.png */,
				257CAFD3240FE610002E7EA3 /* maze2.png */,
				257CAFD2240FE610002E7EA3 /* maze3.png */,
				257CAFD6240FE6F3002E7EA3 /* maze4.png */,
			);
			path = References;
			sourceTree = "<group>";
		};
		258FF9A624193A7E008480CE /* Yellow-1 */ = {
			isa = PBXGroup;
			children = (
				25105E8D2353386700CAC3AE /* Level1Scene.sks */,
				25105E8B2353384300CAC3AE /* Level1Scene.swift */,
			);
			path = "Yellow-1";
			sourceTree = "<group>";
		};
		258FF9A724193A94008480CE /* Red-4 */ = {
			isa = PBXGroup;
			children = (
				2585FCCD23D9C919005926F5 /* Level4Scene.sks */,
				2585FCCF23D9C935005926F5 /* Level4Scene.swift */,
			);
			path = "Red-4";
			sourceTree = "<group>";
		};
		258FF9A824193A9E008480CE /* Blue-2 */ = {
			isa = PBXGroup;
			children = (
				2561E9432354C58000B23812 /* Level2Scene.sks */,
				2561E9452354C59000B23812 /* Level2Scene.swift */,
			);
			path = "Blue-2";
			sourceTree = "<group>";
		};
		258FF9A924193AA4008480CE /* Purple-3 */ = {
			isa = PBXGroup;
			children = (
				2561E9472354C5A000B23812 /* Level3Scene.sks */,
				2561E9492354C5AA00B23812 /* Level3Scene.swift */,
			);
			path = "Purple-3";
			sourceTree = "<group>";
		};
		258FF9AA24196865008480CE /* Interface */ = {
			isa = PBXGroup;
			children = (
				252CBD2623F4760200CF40E3 /* Level Select */,
				25D21D3B2427F52500C5B278 /* Conductive.ttf */,
				258FF9B724198A60008480CE /* ch1.png */,
				258FF9B624198A60008480CE /* ch2.png */,
				258FF9B524198A60008480CE /* ch3.png */,
				25D21D432428018D00C5B278 /* volcircle.png */,
				258FF9D0241C03CE008480CE /* menu.png */,
				258FF9D3241C03D0008480CE /* menuflat.png */,
				258FF9D4241C03D0008480CE /* options.png */,
				258FF9D1241C03CF008480CE /* optionsflat.png */,
				258FF9D2241C03CF008480CE /* start.png */,
				258FF9CF241C03CE008480CE /* startflat.png */,
				258FF9B324196F02008480CE /* pop.png */,
				25D21D452428032900C5B278 /* launch.png */,
				258FF9CA241BC73D008480CE /* button.png */,
				258FF9C9241BC73D008480CE /* buttonflat.png */,
			);
			path = Interface;
			sourceTree = "<group>";
		};
		258FF9BB24198F34008480CE /* Audio */ = {
			isa = PBXGroup;
			children = (
				258FF9BC24198F3D008480CE /* Music */,
			);
			path = Audio;
			sourceTree = "<group>";
		};
		258FF9BC24198F3D008480CE /* Music */ = {
			isa = PBXGroup;
			children = (
				258FF9BD24198F4D008480CE /* menuloop.wav */,
			);
			path = Music;
			sourceTree = "<group>";
		};
/* End PBXGroup section */

/* Begin PBXNativeTarget section */
		25105E3923521E2900CAC3AE /* FinalProject */ = {
			isa = PBXNativeTarget;
			buildConfigurationList = 25105E6823521E2900CAC3AE /* Build configuration list for PBXNativeTarget "FinalProject" */;
			buildPhases = (
				25105E3623521E2900CAC3AE /* Sources */,
				25105E3723521E2900CAC3AE /* Frameworks */,
				25105E3823521E2900CAC3AE /* Resources */,
			);
			buildRules = (
			);
			dependencies = (
			);
			name = FinalProject;
			productName = FinalProject;
			productReference = 25105E3A23521E2900CAC3AE /* FinalProject.app */;
			productType = "com.apple.product-type.application";
		};
		25105E5323521E2900CAC3AE /* FinalProjectTests */ = {
			isa = PBXNativeTarget;
			buildConfigurationList = 25105E6B23521E2900CAC3AE /* Build configuration list for PBXNativeTarget "FinalProjectTests" */;
			buildPhases = (
				25105E5023521E2900CAC3AE /* Sources */,
				25105E5123521E2900CAC3AE /* Frameworks */,
				25105E5223521E2900CAC3AE /* Resources */,
			);
			buildRules = (
			);
			dependencies = (
				25105E5623521E2900CAC3AE /* PBXTargetDependency */,
			);
			name = FinalProjectTests;
			productName = FinalProjectTests;
			productReference = 25105E5423521E2900CAC3AE /* FinalProjectTests.xctest */;
			productType = "com.apple.product-type.bundle.unit-test";
		};
		25105E5E23521E2900CAC3AE /* FinalProjectUITests */ = {
			isa = PBXNativeTarget;
			buildConfigurationList = 25105E6E23521E2900CAC3AE /* Build configuration list for PBXNativeTarget "FinalProjectUITests" */;
			buildPhases = (
				25105E5B23521E2900CAC3AE /* Sources */,
				25105E5C23521E2900CAC3AE /* Frameworks */,
				25105E5D23521E2900CAC3AE /* Resources */,
			);
			buildRules = (
			);
			dependencies = (
				25105E6123521E2900CAC3AE /* PBXTargetDependency */,
			);
			name = FinalProjectUITests;
			productName = FinalProjectUITests;
			productReference = 25105E5F23521E2900CAC3AE /* FinalProjectUITests.xctest */;
			productType = "com.apple.product-type.bundle.ui-testing";
		};
/* End PBXNativeTarget section */

/* Begin PBXProject section */
		25105E3223521E2900CAC3AE /* Project object */ = {
			isa = PBXProject;
			attributes = {
				KnownAssetTags = (
					horizontal,
				);
				LastSwiftUpdateCheck = 0920;
				LastUpgradeCheck = 0920;
				ORGANIZATIONNAME = "Julian Davis";
				TargetAttributes = {
					25105E3923521E2900CAC3AE = {
						CreatedOnToolsVersion = 9.2;
						ProvisioningStyle = Automatic;
					};
					25105E5323521E2900CAC3AE = {
						CreatedOnToolsVersion = 9.2;
						ProvisioningStyle = Automatic;
						TestTargetID = 25105E3923521E2900CAC3AE;
					};
					25105E5E23521E2900CAC3AE = {
						CreatedOnToolsVersion = 9.2;
						ProvisioningStyle = Automatic;
						TestTargetID = 25105E3923521E2900CAC3AE;
					};
				};
			};
			buildConfigurationList = 25105E3523521E2900CAC3AE /* Build configuration list for PBXProject "FinalProject" */;
			compatibilityVersion = "Xcode 8.0";
			developmentRegion = en;
			hasScannedForEncodings = 0;
			knownRegions = (
				en,
				Base,
			);
			mainGroup = 25105E3123521E2900CAC3AE;
			productRefGroup = 25105E3B23521E2900CAC3AE /* Products */;
			projectDirPath = "";
			projectRoot = "";
			targets = (
				25105E3923521E2900CAC3AE /* FinalProject */,
				25105E5323521E2900CAC3AE /* FinalProjectTests */,
				25105E5E23521E2900CAC3AE /* FinalProjectUITests */,
			);
		};
/* End PBXProject section */

/* Begin PBXResourcesBuildPhase section */
		25105E3823521E2900CAC3AE /* Resources */ = {
			isa = PBXResourcesBuildPhase;
			buildActionMask = 2147483647;
			files = (
				253A1C8A2392C3B400CBECB9 /* tempiconsmall2x.png in Resources */,
				25105E4923521E2900CAC3AE /* Main.storyboard in Resources */,
				25C56B6B23F6E0CE00A61747 /* 1024.png in Resources */,
				25C56B7123F6F03B00A61747 /* skyvert.png in Resources */,
				25D21D462428032900C5B278 /* launch.png in Resources */,
				254C97CF23EF27E00036FBB6 /* BlueFront.png in Resources */,
				2561E94223548C0F00B23812 /* LevelSelectScene.sks in Resources */,
				25105E85235322B900CAC3AE /* button.png in Resources */,
				258FF9CC241BC73F008480CE /* button.png in Resources */,
				2506F6C523E31C4200F639D3 /* item_temp.png in Resources */,
				25642EF7235373E500650F9C /* MenuScene.sks in Resources */,
				254C38B72418090600EF4D0A /* yell.png in Resources */,
				258FF9CB241BC73F008480CE /* buttonflat.png in Resources */,
				254C38B22418090600EF4D0A /* blu.png in Resources */,
				25C56B7523F6F8C800A61747 /* 152.png in Resources */,
				252CBD2923F4761D00CF40E3 /* sky.png in Resources */,
				254C97D523EF29510036FBB6 /* enemy.png in Resources */,
				25C56B6723F6DFF900A61747 /* 180.png in Resources */,
				258FF9BA24198A60008480CE /* ch1.png in Resources */,
				258FF9B924198A60008480CE /* ch2.png in Resources */,
				254C38BC2418194700EF4D0A /* overlayL.png in Resources */,
				258FF9DA241C03D0008480CE /* options.png in Resources */,
				258FF9D5241C03D0008480CE /* startflat.png in Resources */,
				254C38BD2418194700EF4D0A /* overlayB.png in Resources */,
				253A1C8E2392C4DF00CBECB9 /* tempiconsmalliPad2xios9.png in Resources */,
				258FF9D6241C03D0008480CE /* menu.png in Resources */,
				253A1C8F2392C4DF00CBECB9 /* tempiconiPad2x.png in Resources */,
				2536DE2823882E8D000FC136 /* playerback.png in Resources */,
				2585FCD323D9E195005926F5 /* maze1.png in Resources */,
				25105E8E2353386700CAC3AE /* Level1Scene.sks in Resources */,
				25D21D3C2427F62F00C5B278 /* Conductive.ttf in Resources */,
				254C38B62418090600EF4D0A /* yel.png in Resources */,
				25105E4B23521E2900CAC3AE /* Assets.xcassets in Resources */,
				253A1C882392C2BA00CBECB9 /* tempiconsmall.png in Resources */,
				258FF9B824198A60008480CE /* ch3.png in Resources */,
				258FF9B424196F02008480CE /* pop.png in Resources */,
				25C56B6F23F6EDC400A61747 /* 76.png in Resources */,
				258FF9C0241A484F008480CE /* skynew.png in Resources */,
				2561E9482354C5A000B23812 /* Level3Scene.sks in Resources */,
				254C38B12418090600EF4D0A /* red.png in Resources */,
				257CAFD4240FE610002E7EA3 /* maze3.png in Resources */,
				257CAFD5240FE610002E7EA3 /* maze2.png in Resources */,
				25105E4E23521E2900CAC3AE /* LaunchScreen.storyboard in Resources */,
				25C56B6923F6DFF900A61747 /* icon.png in Resources */,
				258FF9D8241C03D0008480CE /* start.png in Resources */,
				254C38B02418090600EF4D0A /* blul.png in Resources */,
				25105E83235322B500CAC3AE /* button_active.png in Resources */,
				254C97D323EF28E90036FBB6 /* play.png in Resources */,
				2561E9442354C58000B23812 /* Level2Scene.sks in Resources */,
				258FF9BE24198F4D008480CE /* menuloop.wav in Resources */,
				258FF9D7241C03D0008480CE /* optionsflat.png in Resources */,
				257CAFD7240FE6F3002E7EA3 /* maze4.png in Resources */,
				25C56B7423F6F8C800A61747 /* 835.png in Resources */,
				254C38A72418086800EF4D0A /* skynewvert.png in Resources */,
				253A1C872392C2BA00CBECB9 /* tempicon.png in Resources */,
				254C97D023EF27E00036FBB6 /* PurpleFront.png in Resources */,
				254C97D123EF27E00036FBB6 /* RedFront.png in Resources */,
				258FF9D9241C03D0008480CE /* menuflat.png in Resources */,
				25C56B6323F6D7D300A61747 /* popup.png in Resources */,
				252CBD2A23F4761D00CF40E3 /* ship (temp).png in Resources */,
				25105E4223521E2900CAC3AE /* Actions.sks in Resources */,
				254C38B52418090600EF4D0A /* redl.png in Resources */,
				254C38B32418090600EF4D0A /* pur.png in Resources */,
				2585FCCE23D9C919005926F5 /* Level4Scene.sks in Resources */,
				254C38BB2418194700EF4D0A /* overlayR.png in Resources */,
				254C38B42418090600EF4D0A /* purl.png in Resources */,
				25C56B6823F6DFF900A61747 /* 120.png in Resources */,
				25D21D442428018E00C5B278 /* volcircle.png in Resources */,
			);
			runOnlyForDeploymentPostprocessing = 0;
		};
		25105E5223521E2900CAC3AE /* Resources */ = {
			isa = PBXResourcesBuildPhase;
			buildActionMask = 2147483647;
			files = (
			);
			runOnlyForDeploymentPostprocessing = 0;
		};
		25105E5D23521E2900CAC3AE /* Resources */ = {
			isa = PBXResourcesBuildPhase;
			buildActionMask = 2147483647;
			files = (
			);
			runOnlyForDeploymentPostprocessing = 0;
		};
/* End PBXResourcesBuildPhase section */

/* Begin PBXSourcesBuildPhase section */
		25105E3623521E2900CAC3AE /* Sources */ = {
			isa = PBXSourcesBuildPhase;
			buildActionMask = 2147483647;
			files = (
				25105E7E2353228600CAC3AE /* Button.swift in Sources */,
				25105E4423521E2900CAC3AE /* GameScene.swift in Sources */,
				25B9C4182374C07F00BAFC36 /* Enemy.swift in Sources */,
				2561E9462354C59000B23812 /* Level2Scene.swift in Sources */,
				2563DFE023E1ED380099B21D /* Item.swift in Sources */,
				258FF9DC241C1F99008480CE /* VolumeControl.swift in Sources */,
				25C97990238D8744001865CC /* GameData.swift in Sources */,
				25105E4623521E2900CAC3AE /* GameViewController.swift in Sources */,
				2561E94A2354C5AA00B23812 /* Level3Scene.swift in Sources */,
				256FB44423F33A8C003D3BBE /* Popup.swift in Sources */,
				25105E7C2353227900CAC3AE /* Wall.swift in Sources */,
				25EE37F62367438E00C30E82 /* Menu.swift in Sources */,
				25105E8C2353384300CAC3AE /* Level1Scene.swift in Sources */,
				2585FCD023D9C935005926F5 /* Level4Scene.swift in Sources */,
				252EE1D323DB40440045115B /* MazeWall.swift in Sources */,
				25642EF5235373C100650F9C /* MenuScene.swift in Sources */,
				25105E3E23521E2900CAC3AE /* AppDelegate.swift in Sources */,
				2561E94023548BFC00B23812 /* LevelSelectScene.swift in Sources */,
			);
			runOnlyForDeploymentPostprocessing = 0;
		};
		25105E5023521E2900CAC3AE /* Sources */ = {
			isa = PBXSourcesBuildPhase;
			buildActionMask = 2147483647;
			files = (
				25105E5923521E2900CAC3AE /* FinalProjectTests.swift in Sources */,
			);
			runOnlyForDeploymentPostprocessing = 0;
		};
		25105E5B23521E2900CAC3AE /* Sources */ = {
			isa = PBXSourcesBuildPhase;
			buildActionMask = 2147483647;
			files = (
				25105E6423521E2900CAC3AE /* FinalProjectUITests.swift in Sources */,
			);
			runOnlyForDeploymentPostprocessing = 0;
		};
/* End PBXSourcesBuildPhase section */

/* Begin PBXTargetDependency section */
		25105E5623521E2900CAC3AE /* PBXTargetDependency */ = {
			isa = PBXTargetDependency;
			target = 25105E3923521E2900CAC3AE /* FinalProject */;
			targetProxy = 25105E5523521E2900CAC3AE /* PBXContainerItemProxy */;
		};
		25105E6123521E2900CAC3AE /* PBXTargetDependency */ = {
			isa = PBXTargetDependency;
			target = 25105E3923521E2900CAC3AE /* FinalProject */;
			targetProxy = 25105E6023521E2900CAC3AE /* PBXContainerItemProxy */;
		};
/* End PBXTargetDependency section */

/* Begin PBXVariantGroup section */
		25105E4723521E2900CAC3AE /* Main.storyboard */ = {
			isa = PBXVariantGroup;
			children = (
				25105E4823521E2900CAC3AE /* Base */,
			);
			name = Main.storyboard;
			sourceTree = "<group>";
		};
		25105E4C23521E2900CAC3AE /* LaunchScreen.storyboard */ = {
			isa = PBXVariantGroup;
			children = (
				25105E4D23521E2900CAC3AE /* Base */,
			);
			name = LaunchScreen.storyboard;
			sourceTree = "<group>";
		};
/* End PBXVariantGroup section */

/* Begin XCBuildConfiguration section */
		25105E6623521E2900CAC3AE /* Debug */ = {
			isa = XCBuildConfiguration;
			buildSettings = {
				ALWAYS_SEARCH_USER_PATHS = NO;
				CLANG_ANALYZER_NONNULL = YES;
				CLANG_ANALYZER_NUMBER_OBJECT_CONVERSION = YES_AGGRESSIVE;
				CLANG_CXX_LANGUAGE_STANDARD = "gnu++14";
				CLANG_CXX_LIBRARY = "libc++";
				CLANG_ENABLE_MODULES = YES;
				CLANG_ENABLE_OBJC_ARC = YES;
				CLANG_WARN_BLOCK_CAPTURE_AUTORELEASING = YES;
				CLANG_WARN_BOOL_CONVERSION = YES;
				CLANG_WARN_COMMA = YES;
				CLANG_WARN_CONSTANT_CONVERSION = YES;
				CLANG_WARN_DIRECT_OBJC_ISA_USAGE = YES_ERROR;
				CLANG_WARN_DOCUMENTATION_COMMENTS = YES;
				CLANG_WARN_EMPTY_BODY = YES;
				CLANG_WARN_ENUM_CONVERSION = YES;
				CLANG_WARN_INFINITE_RECURSION = YES;
				CLANG_WARN_INT_CONVERSION = YES;
				CLANG_WARN_NON_LITERAL_NULL_CONVERSION = YES;
				CLANG_WARN_OBJC_LITERAL_CONVERSION = YES;
				CLANG_WARN_OBJC_ROOT_CLASS = YES_ERROR;
				CLANG_WARN_RANGE_LOOP_ANALYSIS = YES;
				CLANG_WARN_STRICT_PROTOTYPES = YES;
				CLANG_WARN_SUSPICIOUS_MOVE = YES;
				CLANG_WARN_UNGUARDED_AVAILABILITY = YES_AGGRESSIVE;
				CLANG_WARN_UNREACHABLE_CODE = YES;
				CLANG_WARN__DUPLICATE_METHOD_MATCH = YES;
				CODE_SIGN_IDENTITY = "iPhone Developer";
				COPY_PHASE_STRIP = NO;
				DEBUG_INFORMATION_FORMAT = dwarf;
				ENABLE_STRICT_OBJC_MSGSEND = YES;
				ENABLE_TESTABILITY = YES;
				GCC_C_LANGUAGE_STANDARD = gnu11;
				GCC_DYNAMIC_NO_PIC = NO;
				GCC_NO_COMMON_BLOCKS = YES;
				GCC_OPTIMIZATION_LEVEL = 0;
				GCC_PREPROCESSOR_DEFINITIONS = (
					"DEBUG=1",
					"$(inherited)",
				);
				GCC_WARN_64_TO_32_BIT_CONVERSION = YES;
				GCC_WARN_ABOUT_RETURN_TYPE = YES_ERROR;
				GCC_WARN_UNDECLARED_SELECTOR = YES;
				GCC_WARN_UNINITIALIZED_AUTOS = YES_AGGRESSIVE;
				GCC_WARN_UNUSED_FUNCTION = YES;
				GCC_WARN_UNUSED_VARIABLE = YES;
				IPHONEOS_DEPLOYMENT_TARGET = 11.2;
				MTL_ENABLE_DEBUG_INFO = YES;
				ONLY_ACTIVE_ARCH = YES;
				SDKROOT = iphoneos;
				SWIFT_ACTIVE_COMPILATION_CONDITIONS = DEBUG;
				SWIFT_OPTIMIZATION_LEVEL = "-Onone";
			};
			name = Debug;
		};
		25105E6723521E2900CAC3AE /* Release */ = {
			isa = XCBuildConfiguration;
			buildSettings = {
				ALWAYS_SEARCH_USER_PATHS = NO;
				CLANG_ANALYZER_NONNULL = YES;
				CLANG_ANALYZER_NUMBER_OBJECT_CONVERSION = YES_AGGRESSIVE;
				CLANG_CXX_LANGUAGE_STANDARD = "gnu++14";
				CLANG_CXX_LIBRARY = "libc++";
				CLANG_ENABLE_MODULES = YES;
				CLANG_ENABLE_OBJC_ARC = YES;
				CLANG_WARN_BLOCK_CAPTURE_AUTORELEASING = YES;
				CLANG_WARN_BOOL_CONVERSION = YES;
				CLANG_WARN_COMMA = YES;
				CLANG_WARN_CONSTANT_CONVERSION = YES;
				CLANG_WARN_DIRECT_OBJC_ISA_USAGE = YES_ERROR;
				CLANG_WARN_DOCUMENTATION_COMMENTS = YES;
				CLANG_WARN_EMPTY_BODY = YES;
				CLANG_WARN_ENUM_CONVERSION = YES;
				CLANG_WARN_INFINITE_RECURSION = YES;
				CLANG_WARN_INT_CONVERSION = YES;
				CLANG_WARN_NON_LITERAL_NULL_CONVERSION = YES;
				CLANG_WARN_OBJC_LITERAL_CONVERSION = YES;
				CLANG_WARN_OBJC_ROOT_CLASS = YES_ERROR;
				CLANG_WARN_RANGE_LOOP_ANALYSIS = YES;
				CLANG_WARN_STRICT_PROTOTYPES = YES;
				CLANG_WARN_SUSPICIOUS_MOVE = YES;
				CLANG_WARN_UNGUARDED_AVAILABILITY = YES_AGGRESSIVE;
				CLANG_WARN_UNREACHABLE_CODE = YES;
				CLANG_WARN__DUPLICATE_METHOD_MATCH = YES;
				CODE_SIGN_IDENTITY = "iPhone Developer";
				COPY_PHASE_STRIP = NO;
				DEBUG_INFORMATION_FORMAT = "dwarf-with-dsym";
				ENABLE_NS_ASSERTIONS = NO;
				ENABLE_STRICT_OBJC_MSGSEND = YES;
				GCC_C_LANGUAGE_STANDARD = gnu11;
				GCC_NO_COMMON_BLOCKS = YES;
				GCC_WARN_64_TO_32_BIT_CONVERSION = YES;
				GCC_WARN_ABOUT_RETURN_TYPE = YES_ERROR;
				GCC_WARN_UNDECLARED_SELECTOR = YES;
				GCC_WARN_UNINITIALIZED_AUTOS = YES_AGGRESSIVE;
				GCC_WARN_UNUSED_FUNCTION = YES;
				GCC_WARN_UNUSED_VARIABLE = YES;
				IPHONEOS_DEPLOYMENT_TARGET = 11.2;
				MTL_ENABLE_DEBUG_INFO = NO;
				SDKROOT = iphoneos;
				SWIFT_OPTIMIZATION_LEVEL = "-Owholemodule";
				VALIDATE_PRODUCT = YES;
			};
			name = Release;
		};
		25105E6923521E2900CAC3AE /* Debug */ = {
			isa = XCBuildConfiguration;
			buildSettings = {
				ASSETCATALOG_COMPILER_APPICON_NAME = AppIcon;
				"CODE_SIGN_IDENTITY[sdk=iphoneos*]" = "iPhone Developer";
				CODE_SIGN_STYLE = Automatic;
				DEVELOPMENT_TEAM = SNZTQC6UKT;
				INFOPLIST_FILE = FinalProject/Info.plist;
				LD_RUNPATH_SEARCH_PATHS = "$(inherited) @executable_path/Frameworks";
				PRODUCT_BUNDLE_IDENTIFIER = com.jidavis.FinalProject;
				PRODUCT_NAME = "$(TARGET_NAME)";
				PROVISIONING_PROFILE_SPECIFIER = "";
				SWIFT_VERSION = 4.0;
				TARGETED_DEVICE_FAMILY = "1,2";
			};
			name = Debug;
		};
		25105E6A23521E2900CAC3AE /* Release */ = {
			isa = XCBuildConfiguration;
			buildSettings = {
				ASSETCATALOG_COMPILER_APPICON_NAME = AppIcon;
				"CODE_SIGN_IDENTITY[sdk=iphoneos*]" = "iPhone Developer";
				CODE_SIGN_STYLE = Automatic;
				DEVELOPMENT_TEAM = SNZTQC6UKT;
				INFOPLIST_FILE = FinalProject/Info.plist;
				LD_RUNPATH_SEARCH_PATHS = "$(inherited) @executable_path/Frameworks";
				PRODUCT_BUNDLE_IDENTIFIER = com.jidavis.FinalProject;
				PRODUCT_NAME = "$(TARGET_NAME)";
				PROVISIONING_PROFILE_SPECIFIER = "";
				SWIFT_VERSION = 4.0;
				TARGETED_DEVICE_FAMILY = "1,2";
			};
			name = Release;
		};
		25105E6C23521E2900CAC3AE /* Debug */ = {
			isa = XCBuildConfiguration;
			buildSettings = {
				ALWAYS_EMBED_SWIFT_STANDARD_LIBRARIES = YES;
				BUNDLE_LOADER = "$(TEST_HOST)";
				CODE_SIGN_STYLE = Automatic;
				DEVELOPMENT_TEAM = SNZTQC6UKT;
				INFOPLIST_FILE = FinalProjectTests/Info.plist;
				LD_RUNPATH_SEARCH_PATHS = "$(inherited) @executable_path/Frameworks @loader_path/Frameworks";
				PRODUCT_BUNDLE_IDENTIFIER = com.jidavis.FinalProjectTests;
				PRODUCT_NAME = "$(TARGET_NAME)";
				SWIFT_VERSION = 4.0;
				TARGETED_DEVICE_FAMILY = "1,2";
				TEST_HOST = "$(BUILT_PRODUCTS_DIR)/FinalProject.app/FinalProject";
			};
			name = Debug;
		};
		25105E6D23521E2900CAC3AE /* Release */ = {
			isa = XCBuildConfiguration;
			buildSettings = {
				ALWAYS_EMBED_SWIFT_STANDARD_LIBRARIES = YES;
				BUNDLE_LOADER = "$(TEST_HOST)";
				CODE_SIGN_STYLE = Automatic;
				DEVELOPMENT_TEAM = SNZTQC6UKT;
				INFOPLIST_FILE = FinalProjectTests/Info.plist;
				LD_RUNPATH_SEARCH_PATHS = "$(inherited) @executable_path/Frameworks @loader_path/Frameworks";
				PRODUCT_BUNDLE_IDENTIFIER = com.jidavis.FinalProjectTests;
				PRODUCT_NAME = "$(TARGET_NAME)";
				SWIFT_VERSION = 4.0;
				TARGETED_DEVICE_FAMILY = "1,2";
				TEST_HOST = "$(BUILT_PRODUCTS_DIR)/FinalProject.app/FinalProject";
			};
			name = Release;
		};
		25105E6F23521E2900CAC3AE /* Debug */ = {
			isa = XCBuildConfiguration;
			buildSettings = {
				ALWAYS_EMBED_SWIFT_STANDARD_LIBRARIES = YES;
				CODE_SIGN_STYLE = Automatic;
				DEVELOPMENT_TEAM = SNZTQC6UKT;
				INFOPLIST_FILE = FinalProjectUITests/Info.plist;
				LD_RUNPATH_SEARCH_PATHS = "$(inherited) @executable_path/Frameworks @loader_path/Frameworks";
				PRODUCT_BUNDLE_IDENTIFIER = com.jidavis.FinalProjectUITests;
				PRODUCT_NAME = "$(TARGET_NAME)";
				SWIFT_VERSION = 4.0;
				TARGETED_DEVICE_FAMILY = "1,2";
				TEST_TARGET_NAME = FinalProject;
			};
			name = Debug;
		};
		25105E7023521E2900CAC3AE /* Release */ = {
			isa = XCBuildConfiguration;
			buildSettings = {
				ALWAYS_EMBED_SWIFT_STANDARD_LIBRARIES = YES;
				CODE_SIGN_STYLE = Automatic;
				DEVELOPMENT_TEAM = SNZTQC6UKT;
				INFOPLIST_FILE = FinalProjectUITests/Info.plist;
				LD_RUNPATH_SEARCH_PATHS = "$(inherited) @executable_path/Frameworks @loader_path/Frameworks";
				PRODUCT_BUNDLE_IDENTIFIER = com.jidavis.FinalProjectUITests;
				PRODUCT_NAME = "$(TARGET_NAME)";
				SWIFT_VERSION = 4.0;
				TARGETED_DEVICE_FAMILY = "1,2";
				TEST_TARGET_NAME = FinalProject;
			};
			name = Release;
		};
/* End XCBuildConfiguration section */

/* Begin XCConfigurationList section */
		25105E3523521E2900CAC3AE /* Build configuration list for PBXProject "FinalProject" */ = {
			isa = XCConfigurationList;
			buildConfigurations = (
				25105E6623521E2900CAC3AE /* Debug */,
				25105E6723521E2900CAC3AE /* Release */,
			);
			defaultConfigurationIsVisible = 0;
			defaultConfigurationName = Release;
		};
		25105E6823521E2900CAC3AE /* Build configuration list for PBXNativeTarget "FinalProject" */ = {
			isa = XCConfigurationList;
			buildConfigurations = (
				25105E6923521E2900CAC3AE /* Debug */,
				25105E6A23521E2900CAC3AE /* Release */,
			);
			defaultConfigurationIsVisible = 0;
			defaultConfigurationName = Release;
		};
		25105E6B23521E2900CAC3AE /* Build configuration list for PBXNativeTarget "FinalProjectTests" */ = {
			isa = XCConfigurationList;
			buildConfigurations = (
				25105E6C23521E2900CAC3AE /* Debug */,
				25105E6D23521E2900CAC3AE /* Release */,
			);
			defaultConfigurationIsVisible = 0;
			defaultConfigurationName = Release;
		};
		25105E6E23521E2900CAC3AE /* Build configuration list for PBXNativeTarget "FinalProjectUITests" */ = {
			isa = XCConfigurationList;
			buildConfigurations = (
				25105E6F23521E2900CAC3AE /* Debug */,
				25105E7023521E2900CAC3AE /* Release */,
			);
			defaultConfigurationIsVisible = 0;
			defaultConfigurationName = Release;
		};
/* End XCConfigurationList section */
	};
	rootObject = 25105E3223521E2900CAC3AE /* Project object */;
}
